{
  "name": "@ovoco/hr-kit",
  "version": "0.0.1",
  "lockfileVersion": 3,
  "requires": true,
  "packages": {
    "": {
      "name": "@ovoco/hr-kit",
      "version": "0.0.1",
      "license": "MIT",
      "dependencies": {
        "@ovoco/kit-validator": "git+https://github.com/ovoco-co/kit-validator.git#v0.1.0"
      },
      "engines": {
        "node": ">=18"
      }
    },
    "node_modules/@ovoco/kit-validator": {
      "version": "0.0.1",
      "resolved": "git+ssh://git@github.com/ovoco-co/kit-validator.git#aed9dde70c8deb4b39a8fef6cbe5df66b0d36fe8",
      "license": "MIT",
      "bin": {
        "kit-validate": "bin/kit-validate.js"
      },
      "engines": {
        "node": ">=18"
      }
    }
  }
}
